
Microsoft Visual Studio Solution File, Format Version 12.00
# Visual Studio Version 17
VisualStudioVersion = 17.0.31903.59
MinimumVisualStudioVersion = 10.0.40219.1
Project("{2150E333-8FDC-42A3-9474-1A3956D46DE8}") = "src", "src", "{7D01114B-23F1-4BE3-9889-C49BAB0245C1}"
EndProject
Project("{FAE04EC0-301F-11D3-BF4B-00C04F79EFBC}") = "1", "src\1\1.csproj", "{E0F0F820-D976-4AF0-ADD4-1EE4190EEDAE}"
EndProject
Project("{FAE04EC0-301F-11D3-BF4B-00C04F79EFBC}") = "lib", "lib\lib.csproj", "{5D01A3C5-771E-4A5F-989D-E13DBE5B6F31}"
EndProject
Global
	GlobalSection(SolutionConfigurationPlatforms) = preSolution
		Debug|Any CPU = Debug|Any CPU
		Release|Any CPU = Release|Any CPU
	EndGlobalSection
	GlobalSection(SolutionProperties) = preSolution
		HideSolutionNode = FALSE
	EndGlobalSection
	GlobalSection(ProjectConfigurationPlatforms) = postSolution
		{E0F0F820-D976-4AF0-ADD4-1EE4190EEDAE}.Debug|Any CPU.ActiveCfg = Debug|Any CPU
		{E0F0F820-D976-4AF0-ADD4-1EE4190EEDAE}.Debug|Any CPU.Build.0 = Debug|Any CPU
		{E0F0F820-D976-4AF0-ADD4-1EE4190EEDAE}.Release|Any CPU.ActiveCfg = Release|Any CPU
		{E0F0F820-D976-4AF0-ADD4-1EE4190EEDAE}.Release|Any CPU.Build.0 = Release|Any CPU
		{5D01A3C5-771E-4A5F-989D-E13DBE5B6F31}.Debug|Any CPU.ActiveCfg = Debug|Any CPU
		{5D01A3C5-771E-4A5F-989D-E13DBE5B6F31}.Debug|Any CPU.Build.0 = Debug|Any CPU
		{5D01A3C5-771E-4A5F-989D-E13DBE5B6F31}.Release|Any CPU.ActiveCfg = Release|Any CPU
		{5D01A3C5-771E-4A5F-989D-E13DBE5B6F31}.Release|Any CPU.Build.0 = Release|Any CPU
	EndGlobalSection
	GlobalSection(NestedProjects) = preSolution
		{E0F0F820-D976-4AF0-ADD4-1EE4190EEDAE} = {7D01114B-23F1-4BE3-9889-C49BAB0245C1}
	EndGlobalSection
EndGlobal
